{
  "name": "haowan",
  "version": "1.0.0",
  "lockfileVersion": 1,
  "requires": true,
  "dependencies": {
    "w-previewimg": {
      "version": "1.0.0",
      "resolved": "https://registry.npmjs.org/w-previewimg/-/w-previewimg-1.0.0.tgz",
      "integrity": "sha512-UZqEzEUXMakMGYde9iKMpgILypSMIaOSSA+un/VXpq4fWo4Hr8P95Y4u9LCRRs0fl/RpiyiqibUxibOwGOqGfQ=="
    },
    "wcheckbox": {
      "version": "1.0.1",
      "resolved": "https://registry.npmjs.org/wcheckbox/-/wcheckbox-1.0.1.tgz",
      "integrity": "sha512-Dx14kuwGyqlUO+MZkY2T1K8uLsumzrbwJm6Dn8nvs5TiS3nSq2/suDFM6UMjVYciFulLkXfJAU/85zk3zfqF4w=="
    }
  }
}
